Microsoft Visual Studio Solution File, Format Version 11.00
# Visual Studio 2010
Project("{FAE04EC0-301F-11D3-BF4B-00C04F79EFBC}") = "FubuMVC.DatePicker", "FubuMVC.DatePicker\FubuMVC.DatePicker.csproj", "{2A534B65-16A2-4146-95AB-AA2FBE21ED6B}"
EndProject
Project("{FAE04EC0-301F-11D3-BF4B-00C04F79EFBC}") = "FubuMVC.DatePicker.Testing", "FubuMVC.DatePicker.Testing\FubuMVC.DatePicker.Testing.csproj", "{8CBF69A1-8077-49A7-B922-AB70E7E1109D}"
EndProject
Project("{FAE04EC0-301F-11D3-BF4B-00C04F79EFBC}") = "DatePickerHarness", "DatePickerHarness\DatePickerHarness.csproj", "{1B38A441-E971-48D5-900A-008495D1E94A}"
EndProject
Project("{FAE04EC0-301F-11D3-BF4B-00C04F79EFBC}") = "FubuMVC.DatePicker.Docs", "FubuMVC.DatePicker.Docs\FubuMVC.DatePicker.Docs.csproj", "{62154240-3B12-42EB-831F-F4E9CA9DE83A}"
EndProject
Global
	GlobalSection(SolutionConfigurationPlatforms) = preSolution
		Debug|Any CPU = Debug|Any CPU
		Release|Any CPU = Release|Any CPU
	EndGlobalSection
	GlobalSection(ProjectConfigurationPlatforms) = postSolution
		{2A534B65-16A2-4146-95AB-AA2FBE21ED6B}.Debug|Any CPU.ActiveCfg = Debug|Any CPU
		{2A534B65-16A2-4146-95AB-AA2FBE21ED6B}.Debug|Any CPU.Build.0 = Debug|Any CPU
		{2A534B65-16A2-4146-95AB-AA2FBE21ED6B}.Release|Any CPU.ActiveCfg = Release|Any CPU
		{2A534B65-16A2-4146-95AB-AA2FBE21ED6B}.Release|Any CPU.Build.0 = Release|Any CPU
		{8CBF69A1-8077-49A7-B922-AB70E7E1109D}.Debug|Any CPU.ActiveCfg = Debug|Any CPU
		{8CBF69A1-8077-49A7-B922-AB70E7E1109D}.Debug|Any CPU.Build.0 = Debug|Any CPU
		{8CBF69A1-8077-49A7-B922-AB70E7E1109D}.Release|Any CPU.ActiveCfg = Release|Any CPU
		{8CBF69A1-8077-49A7-B922-AB70E7E1109D}.Release|Any CPU.Build.0 = Release|Any CPU
		{1B38A441-E971-48D5-900A-008495D1E94A}.Debug|Any CPU.ActiveCfg = Debug|Any CPU
		{1B38A441-E971-48D5-900A-008495D1E94A}.Debug|Any CPU.Build.0 = Debug|Any CPU
		{1B38A441-E971-48D5-900A-008495D1E94A}.Release|Any CPU.ActiveCfg = Release|Any CPU
		{1B38A441-E971-48D5-900A-008495D1E94A}.Release|Any CPU.Build.0 = Release|Any CPU
		{62154240-3B12-42EB-831F-F4E9CA9DE83A}.Debug|Any CPU.ActiveCfg = Debug|Any CPU
		{62154240-3B12-42EB-831F-F4E9CA9DE83A}.Debug|Any CPU.Build.0 = Debug|Any CPU
		{62154240-3B12-42EB-831F-F4E9CA9DE83A}.Release|Any CPU.ActiveCfg = Release|Any CPU
		{62154240-3B12-42EB-831F-F4E9CA9DE83A}.Release|Any CPU.Build.0 = Release|Any CPU
	EndGlobalSection
	GlobalSection(SolutionProperties) = preSolution
		HideSolutionNode = FALSE
	EndGlobalSection
EndGlobal
